// !$*UTF8*$!
{
	archiveVersion = 1;
	classes = {
	};
	objectVersion = 46;
	objects = {

/* Begin PBXBuildFile section */
		8B91CEEF1A8E905100476C34 /* main.m in Sources */ = {isa = PBXBuildFile; fileRef = 8B91CEEE1A8E905100476C34 /* main.m */; };
		8B91CEF21A8E905100476C34 /* AppDelegate.m in Sources */ = {isa = PBXBuildFile; fileRef = 8B91CEF11A8E905100476C34 /* AppDelegate.m */; };
		8B91CEF51A8E905100476C34 /* ViewController.m in Sources */ = {isa = PBXBuildFile; fileRef = 8B91CEF41A8E905100476C34 /* ViewController.m */; };
		8B91CEFA1A8E905100476C34 /* Images.xcassets in Resources */ = {isa = PBXBuildFile; fileRef = 8B91CEF91A8E905100476C34 /* Images.xcassets */; };
		8B91CEFD1A8E905100476C34 /* LaunchScreen.xib in Resources */ = {isa = PBXBuildFile; fileRef = 8B91CEFB1A8E905100476C34 /* LaunchScreen.xib */; };
		8B91CF091A8E905200476C34 /* Lab07Tests.m in Sources */ = {isa = PBXBuildFile; fileRef = 8B91CF081A8E905200476C34 /* Lab07Tests.m */; };
		8B91CF171A8EA45700476C34 /* tableView.m in Sources */ = {isa = PBXBuildFile; fileRef = 8B91CF161A8EA45700476C34 /* tableView.m */; };
		8BA5BD3F1A926B2200D1EA24 /* AVFoundation.framework in Frameworks */ = {isa = PBXBuildFile; fileRef = 8BA5BD3E1A926B2200D1EA24 /* AVFoundation.framework */; };
		8BA5BD411A926B2C00D1EA24 /* CoreData.framework in Frameworks */ = {isa = PBXBuildFile; fileRef = 8BA5BD401A926B2C00D1EA24 /* CoreData.framework */; };
		8BA5BD431A926B3600D1EA24 /* CoreLocation.framework in Frameworks */ = {isa = PBXBuildFile; fileRef = 8BA5BD421A926B3600D1EA24 /* CoreLocation.framework */; };
		8BA5BD451A926B4100D1EA24 /* CoreText.framework in Frameworks */ = {isa = PBXBuildFile; fileRef = 8BA5BD441A926B4100D1EA24 /* CoreText.framework */; };
		8BA5BD471A926B4B00D1EA24 /* GLKit.framework in Frameworks */ = {isa = PBXBuildFile; fileRef = 8BA5BD461A926B4B00D1EA24 /* GLKit.framework */; };
		8BA5BD491A926B5400D1EA24 /* ImageIO.framework in Frameworks */ = {isa = PBXBuildFile; fileRef = 8BA5BD481A926B5400D1EA24 /* ImageIO.framework */; };
		8BA5BD4B1A926B6400D1EA24 /* libc++.dylib in Frameworks */ = {isa = PBXBuildFile; fileRef = 8BA5BD4A1A926B6400D1EA24 /* libc++.dylib */; };
		8BA5BD4D1A926B7900D1EA24 /* libicucore.dylib in Frameworks */ = {isa = PBXBuildFile; fileRef = 8BA5BD4C1A926B7900D1EA24 /* libicucore.dylib */; };
		8BA5BD4F1A926B8600D1EA24 /* libz.dylib in Frameworks */ = {isa = PBXBuildFile; fileRef = 8BA5BD4E1A926B8600D1EA24 /* libz.dylib */; };
		8BA5BD511A926B9300D1EA24 /* OpenGLES.framework in Frameworks */ = {isa = PBXBuildFile; fileRef = 8BA5BD501A926B9300D1EA24 /* OpenGLES.framework */; };
		8BA5BD531A926B9E00D1EA24 /* QuartzCore.framework in Frameworks */ = {isa = PBXBuildFile; fileRef = 8BA5BD521A926B9E00D1EA24 /* QuartzCore.framework */; };
		8BA5BD551A926BB300D1EA24 /* SystemConfiguration.framework in Frameworks */ = {isa = PBXBuildFile; fileRef = 8BA5BD541A926BB300D1EA24 /* SystemConfiguration.framework */; };
		8BA5BD581A926FA000D1EA24 /* mapView.m in Sources */ = {isa = PBXBuildFile; fileRef = 8BA5BD571A926FA000D1EA24 /* mapView.m */; };
		8BA5BD5E1A92897600D1EA24 /* Oaxaca_Maps.xcdatamodel in Sources */ = {isa = PBXBuildFile; fileRef = 8BA5BD5D1A92897600D1EA24 /* Oaxaca_Maps.xcdatamodel */; };
		8BAA81E71A929B360096CE35 /* GoogleMaps.framework in Frameworks */ = {isa = PBXBuildFile; fileRef = 8BAA81E61A929B360096CE35 /* GoogleMaps.framework */; };
		8BAA81E91A929B400096CE35 /* GoogleMaps.bundle in Resources */ = {isa = PBXBuildFile; fileRef = 8BAA81E81A929B400096CE35 /* GoogleMaps.bundle */; };
		8BAA81EC1A929CCD0096CE35 /* Main.storyboard in Resources */ = {isa = PBXBuildFile; fileRef = 8BAA81EA1A929CCD0096CE35 /* Main.storyboard */; };
/* End PBXBuildFile section */

/* Begin PBXContainerItemProxy section */
		8B91CF031A8E905200476C34 /* PBXContainerItemProxy */ = {
			isa = PBXContainerItemProxy;
			containerPortal = 8B91CEE11A8E905100476C34 /* Project object */;
			proxyType = 1;
			remoteGlobalIDString = 8B91CEE81A8E905100476C34;
			remoteInfo = Lab07;
		};
/* End PBXContainerItemProxy section */

/* Begin PBXFileReference section */
		8B91CEE91A8E905100476C34 /* Lab07.app */ = {isa = PBXFileReference; explicitFileType = wrapper.application; includeInIndex = 0; path = Lab07.app; sourceTree = BUILT_PRODUCTS_DIR; };
		8B91CEED1A8E905100476C34 /* Info.plist */ = {isa = PBXFileReference; lastKnownFileType = text.plist.xml; path = Info.plist; sourceTree = "<group>"; };
		8B91CEEE1A8E905100476C34 /* main.m */ = {isa = PBXFileReference; lastKnownFileType = sourcecode.c.objc; path = main.m; sourceTree = "<group>"; };
		8B91CEF01A8E905100476C34 /* AppDelegate.h */ = {isa = PBXFileReference; lastKnownFileType = sourcecode.c.h; path = AppDelegate.h; sourceTree = "<group>"; };
		8B91CEF11A8E905100476C34 /* AppDelegate.m */ = {isa = PBXFileReference; lastKnownFileType = sourcecode.c.objc; path = AppDelegate.m; sourceTree = "<group>"; };
		8B91CEF31A8E905100476C34 /* ViewController.h */ = {isa = PBXFileReference; lastKnownFileType = sourcecode.c.h; path = ViewController.h; sourceTree = "<group>"; };
		8B91CEF41A8E905100476C34 /* ViewController.m */ = {isa = PBXFileReference; lastKnownFileType = sourcecode.c.objc; path = ViewController.m; sourceTree = "<group>"; };
		8B91CEF91A8E905100476C34 /* Images.xcassets */ = {isa = PBXFileReference; lastKnownFileType = folder.assetcatalog; path = Images.xcassets; sourceTree = "<group>"; };
		8B91CEFC1A8E905100476C34 /* Base */ = {isa = PBXFileReference; lastKnownFileType = file.xib; name = Base; path = Base.lproj/LaunchScreen.xib; sourceTree = "<group>"; };
		8B91CF021A8E905200476C34 /* Lab07Tests.xctest */ = {isa = PBXFileReference; explicitFileType = wrapper.cfbundle; includeInIndex = 0; path = Lab07Tests.xctest; sourceTree = BUILT_PRODUCTS_DIR; };
		8B91CF071A8E905200476C34 /* Info.plist */ = {isa = PBXFileReference; lastKnownFileType = text.plist.xml; path = Info.plist; sourceTree = "<group>"; };
		8B91CF081A8E905200476C34 /* Lab07Tests.m */ = {isa = PBXFileReference; lastKnownFileType = sourcecode.c.objc; path = Lab07Tests.m; sourceTree = "<group>"; };
		8B91CF151A8EA45700476C34 /* tableView.h */ = {isa = PBXFileReference; fileEncoding = 4; lastKnownFileType = sourcecode.c.h; path = tableView.h; sourceTree = "<group>"; };
		8B91CF161A8EA45700476C34 /* tableView.m */ = {isa = PBXFileReference; fileEncoding = 4; lastKnownFileType = sourcecode.c.objc; path = tableView.m; sourceTree = "<group>"; };
		8BA5BD3E1A926B2200D1EA24 /* AVFoundation.framework */ = {isa = PBXFileReference; lastKnownFileType = wrapper.framework; name = AVFoundation.framework; path = System/Library/Frameworks/AVFoundation.framework; sourceTree = SDKROOT; };
		8BA5BD401A926B2C00D1EA24 /* CoreData.framework */ = {isa = PBXFileReference; lastKnownFileType = wrapper.framework; name = CoreData.framework; path = System/Library/Frameworks/CoreData.framework; sourceTree = SDKROOT; };
		8BA5BD421A926B3600D1EA24 /* CoreLocation.framework */ = {isa = PBXFileReference; lastKnownFileType = wrapper.framework; name = CoreLocation.framework; path = System/Library/Frameworks/CoreLocation.framework; sourceTree = SDKROOT; };
		8BA5BD441A926B4100D1EA24 /* CoreText.framework */ = {isa = PBXFileReference; lastKnownFileType = wrapper.framework; name = CoreText.framework; path = System/Library/Frameworks/CoreText.framework; sourceTree = SDKROOT; };
		8BA5BD461A926B4B00D1EA24 /* GLKit.framework */ = {isa = PBXFileReference; lastKnownFileType = wrapper.framework; name = GLKit.framework; path = System/Library/Frameworks/GLKit.framework; sourceTree = SDKROOT; };
		8BA5BD481A926B5400D1EA24 /* ImageIO.framework */ = {isa = PBXFileReference; lastKnownFileType = wrapper.framework; name = ImageIO.framework; path = System/Library/Frameworks/ImageIO.framework; sourceTree = SDKROOT; };
		8BA5BD4A1A926B6400D1EA24 /* libc++.dylib */ = {isa = PBXFileReference; lastKnownFileType = "compiled.mach-o.dylib"; name = "libc++.dylib"; path = "usr/lib/libc++.dylib"; sourceTree = SDKROOT; };
		8BA5BD4C1A926B7900D1EA24 /* libicucore.dylib */ = {isa = PBXFileReference; lastKnownFileType = "compiled.mach-o.dylib"; name = libicucore.dylib; path = usr/lib/libicucore.dylib; sourceTree = SDKROOT; };
		8BA5BD4E1A926B8600D1EA24 /* libz.dylib */ = {isa = PBXFileReference; lastKnownFileType = "compiled.mach-o.dylib"; name = libz.dylib; path = usr/lib/libz.dylib; sourceTree = SDKROOT; };
		8BA5BD501A926B9300D1EA24 /* OpenGLES.framework */ = {isa = PBXFileReference; lastKnownFileType = wrapper.framework; name = OpenGLES.framework; path = System/Library/Frameworks/OpenGLES.framework; sourceTree = SDKROOT; };
		8BA5BD521A926B9E00D1EA24 /* QuartzCore.framework */ = {isa = PBXFileReference; lastKnownFileType = wrapper.framework; name = QuartzCore.framework; path = System/Library/Frameworks/QuartzCore.framework; sourceTree = SDKROOT; };
		8BA5BD541A926BB300D1EA24 /* SystemConfiguration.framework */ = {isa = PBXFileReference; lastKnownFileType = wrapper.framework; name = SystemConfiguration.framework; path = System/Library/Frameworks/SystemConfiguration.framework; sourceTree = SDKROOT; };
		8BA5BD561A926FA000D1EA24 /* mapView.h */ = {isa = PBXFileReference; fileEncoding = 4; lastKnownFileType = sourcecode.c.h; path = mapView.h; sourceTree = "<group>"; };
		8BA5BD571A926FA000D1EA24 /* mapView.m */ = {isa = PBXFileReference; fileEncoding = 4; lastKnownFileType = sourcecode.c.objc; path = mapView.m; sourceTree = "<group>"; };
		8BA5BD5D1A92897600D1EA24 /* Oaxaca_Maps.xcdatamodel */ = {isa = PBXFileReference; lastKnownFileType = wrapper.xcdatamodel; path = Oaxaca_Maps.xcdatamodel; sourceTree = "<group>"; };
		8BAA81E61A929B360096CE35 /* GoogleMaps.framework */ = {isa = PBXFileReference; lastKnownFileType = wrapper.framework; path = GoogleMaps.framework; sourceTree = "<group>"; };
		8BAA81E81A929B400096CE35 /* GoogleMaps.bundle */ = {isa = PBXFileReference; lastKnownFileType = "wrapper.plug-in"; name = GoogleMaps.bundle; path = ../GoogleMaps.bundle; sourceTree = "<group>"; };
		8BAA81EB1A929CCD0096CE35 /* Base */ = {isa = PBXFileReference; lastKnownFileType = file.storyboard; name = Base; path = Lab07/Base.lproj/Main.storyboard; sourceTree = "<group>"; };
/* End PBXFileReference section */

/* Begin PBXFrameworksBuildPhase section */
		8B91CEE61A8E905100476C34 /* Frameworks */ = {
			isa = PBXFrameworksBuildPhase;
			buildActionMask = 2147483647;
			files = (
				8BA5BD551A926BB300D1EA24 /* SystemConfiguration.framework in Frameworks */,
				8BA5BD531A926B9E00D1EA24 /* QuartzCore.framework in Frameworks */,
				8BA5BD511A926B9300D1EA24 /* OpenGLES.framework in Frameworks */,
				8BA5BD4F1A926B8600D1EA24 /* libz.dylib in Frameworks */,
				8BA5BD4D1A926B7900D1EA24 /* libicucore.dylib in Frameworks */,
				8BA5BD4B1A926B6400D1EA24 /* libc++.dylib in Frameworks */,
				8BA5BD491A926B5400D1EA24 /* ImageIO.framework in Frameworks */,
				8BA5BD471A926B4B00D1EA24 /* GLKit.framework in Frameworks */,
				8BA5BD451A926B4100D1EA24 /* CoreText.framework in Frameworks */,
				8BAA81E71A929B360096CE35 /* GoogleMaps.framework in Frameworks */,
				8BA5BD431A926B3600D1EA24 /* CoreLocation.framework in Frameworks */,
				8BA5BD411A926B2C00D1EA24 /* CoreData.framework in Frameworks */,
				8BA5BD3F1A926B2200D1EA24 /* AVFoundation.framework in Frameworks */,
			);
			runOnlyForDeploymentPostprocessing = 0;
		};
		8B91CEFF1A8E905200476C34 /* Frameworks */ = {
			isa = PBXFrameworksBuildPhase;
			buildActionMask = 2147483647;
			files = (
			);
			runOnlyForDeploymentPostprocessing = 0;
		};
/* End PBXFrameworksBuildPhase section */

/* Begin PBXGroup section */
		8B91CEE01A8E905100476C34 = {
			isa = PBXGroup;
			children = (
				8B91CEEB1A8E905100476C34 /* Lab07 */,
				8B91CF051A8E905200476C34 /* Lab07Tests */,
				8B91CEEA1A8E905100476C34 /* Products */,
			);
			sourceTree = "<group>";
		};
		8B91CEEA1A8E905100476C34 /* Products */ = {
			isa = PBXGroup;
			children = (
				8B91CEE91A8E905100476C34 /* Lab07.app */,
				8B91CF021A8E905200476C34 /* Lab07Tests.xctest */,
			);
			name = Products;
			sourceTree = "<group>";
		};
		8B91CEEB1A8E905100476C34 /* Lab07 */ = {
			isa = PBXGroup;
			children = (
				8BAA81E81A929B400096CE35 /* GoogleMaps.bundle */,
				8BAA81E61A929B360096CE35 /* GoogleMaps.framework */,
				8BA5BD541A926BB300D1EA24 /* SystemConfiguration.framework */,
				8BA5BD521A926B9E00D1EA24 /* QuartzCore.framework */,
				8BA5BD501A926B9300D1EA24 /* OpenGLES.framework */,
				8BA5BD4E1A926B8600D1EA24 /* libz.dylib */,
				8BA5BD4A1A926B6400D1EA24 /* libc++.dylib */,
				8BA5BD4C1A926B7900D1EA24 /* libicucore.dylib */,
				8BA5BD481A926B5400D1EA24 /* ImageIO.framework */,
				8BA5BD461A926B4B00D1EA24 /* GLKit.framework */,
				8BA5BD441A926B4100D1EA24 /* CoreText.framework */,
				8BA5BD421A926B3600D1EA24 /* CoreLocation.framework */,
				8BA5BD401A926B2C00D1EA24 /* CoreData.framework */,
				8BA5BD3E1A926B2200D1EA24 /* AVFoundation.framework */,
				8B91CEF01A8E905100476C34 /* AppDelegate.h */,
				8B91CEF11A8E905100476C34 /* AppDelegate.m */,
				8B91CEF31A8E905100476C34 /* ViewController.h */,
				8B91CEF41A8E905100476C34 /* ViewController.m */,
				8B91CEF91A8E905100476C34 /* Images.xcassets */,
				8BAA81EA1A929CCD0096CE35 /* Main.storyboard */,
				8B91CEFB1A8E905100476C34 /* LaunchScreen.xib */,
				8BA5BD5D1A92897600D1EA24 /* Oaxaca_Maps.xcdatamodel */,
				8B91CEEC1A8E905100476C34 /* Supporting Files */,
				8B91CF151A8EA45700476C34 /* tableView.h */,
				8B91CF161A8EA45700476C34 /* tableView.m */,
				8BA5BD561A926FA000D1EA24 /* mapView.h */,
				8BA5BD571A926FA000D1EA24 /* mapView.m */,
			);
			path = Lab07;
			sourceTree = "<group>";
		};
		8B91CEEC1A8E905100476C34 /* Supporting Files */ = {
			isa = PBXGroup;
			children = (
				8B91CEED1A8E905100476C34 /* Info.plist */,
				8B91CEEE1A8E905100476C34 /* main.m */,
			);
			name = "Supporting Files";
			sourceTree = "<group>";
		};
		8B91CF051A8E905200476C34 /* Lab07Tests */ = {
			isa = PBXGroup;
			children = (
				8B91CF081A8E905200476C34 /* Lab07Tests.m */,
				8B91CF061A8E905200476C34 /* Supporting Files */,
			);
			path = Lab07Tests;
			sourceTree = "<group>";
		};
		8B91CF061A8E905200476C34 /* Supporting Files */ = {
			isa = PBXGroup;
			children = (
				8B91CF071A8E905200476C34 /* Info.plist */,
			);
			name = "Supporting Files";
			sourceTree = "<group>";
		};
/* End PBXGroup section */

/* Begin PBXNativeTarget section */
		8B91CEE81A8E905100476C34 /* Lab07 */ = {
			isa = PBXNativeTarget;
			buildConfigurationList = 8B91CF0C1A8E905200476C34 /* Build configuration list for PBXNativeTarget "Lab07" */;
			buildPhases = (
				8B91CEE51A8E905100476C34 /* Sources */,
				8B91CEE61A8E905100476C34 /* Frameworks */,
				8B91CEE71A8E905100476C34 /* Resources */,
			);
			buildRules = (
			);
			dependencies = (
			);
			name = Lab07;
			productName = Lab07;
			productReference = 8B91CEE91A8E905100476C34 /* Lab07.app */;
			productType = "com.apple.product-type.application";
		};
		8B91CF011A8E905200476C34 /* Lab07Tests */ = {
			isa = PBXNativeTarget;
			buildConfigurationList = 8B91CF0F1A8E905200476C34 /* Build configuration list for PBXNativeTarget "Lab07Tests" */;
			buildPhases = (
				8B91CEFE1A8E905200476C34 /* Sources */,
				8B91CEFF1A8E905200476C34 /* Frameworks */,
				8B91CF001A8E905200476C34 /* Resources */,
			);
			buildRules = (
			);
			dependencies = (
				8B91CF041A8E905200476C34 /* PBXTargetDependency */,
			);
			name = Lab07Tests;
			productName = Lab07Tests;
			productReference = 8B91CF021A8E905200476C34 /* Lab07Tests.xctest */;
			productType = "com.apple.product-type.bundle.unit-test";
		};
/* End PBXNativeTarget section */

/* Begin PBXProject section */
		8B91CEE11A8E905100476C34 /* Project object */ = {
			isa = PBXProject;
			attributes = {
				LastUpgradeCheck = 0610;
				ORGANIZATIONNAME = developer;
				TargetAttributes = {
					8B91CEE81A8E905100476C34 = {
						CreatedOnToolsVersion = 6.1.1;
						SystemCapabilities = {
							com.apple.Maps.iOS = {
								enabled = 0;
							};
						};
					};
					8B91CF011A8E905200476C34 = {
						CreatedOnToolsVersion = 6.1.1;
						TestTargetID = 8B91CEE81A8E905100476C34;
					};
				};
			};
			buildConfigurationList = 8B91CEE41A8E905100476C34 /* Build configuration list for PBXProject "Lab07" */;
			compatibilityVersion = "Xcode 3.2";
			developmentRegion = English;
			hasScannedForEncodings = 0;
			knownRegions = (
				en,
				Base,
			);
			mainGroup = 8B91CEE01A8E905100476C34;
			productRefGroup = 8B91CEEA1A8E905100476C34 /* Products */;
			projectDirPath = "";
			projectRoot = "";
			targets = (
				8B91CEE81A8E905100476C34 /* Lab07 */,
				8B91CF011A8E905200476C34 /* Lab07Tests */,
			);
		};
/* End PBXProject section */

/* Begin PBXResourcesBuildPhase section */
		8B91CEE71A8E905100476C34 /* Resources */ = {
			isa = PBXResourcesBuildPhase;
			buildActionMask = 2147483647;
			files = (
				8BAA81E91A929B400096CE35 /* GoogleMaps.bundle in Resources */,
				8B91CEFD1A8E905100476C34 /* LaunchScreen.xib in Resources */,
				8B91CEFA1A8E905100476C34 /* Images.xcassets in Resources */,
				8BAA81EC1A929CCD0096CE35 /* Main.storyboard in Resources */,
			);
			runOnlyForDeploymentPostprocessing = 0;
		};
		8B91CF001A8E905200476C34 /* Resources */ = {
			isa = PBXResourcesBuildPhase;
			buildActionMask = 2147483647;
			files = (
			);
			runOnlyForDeploymentPostprocessing = 0;
		};
/* End PBXResourcesBuildPhase section */

/* Begin PBXSourcesBuildPhase section */
		8B91CEE51A8E905100476C34 /* Sources */ = {
			isa = PBXSourcesBuildPhase;
			buildActionMask = 2147483647;
			files = (
				8B91CEF51A8E905100476C34 /* ViewController.m in Sources */,
				8B91CF171A8EA45700476C34 /* tableView.m in Sources */,
				8BA5BD581A926FA000D1EA24 /* mapView.m in Sources */,
				8B91CEF21A8E905100476C34 /* AppDelegate.m in Sources */,
				8BA5BD5E1A92897600D1EA24 /* Oaxaca_Maps.xcdatamodel in Sources */,
				8B91CEEF1A8E905100476C34 /* main.m in Sources */,
			);
			runOnlyForDeploymentPostprocessing = 0;
		};
		8B91CEFE1A8E905200476C34 /* Sources */ = {
			isa = PBXSourcesBuildPhase;
			buildActionMask = 2147483647;
			files = (
				8B91CF091A8E905200476C34 /* Lab07Tests.m in Sources */,
			);
			runOnlyForDeploymentPostprocessing = 0;
		};
/* End PBXSourcesBuildPhase section */

/* Begin PBXTargetDependency section */
		8B91CF041A8E905200476C34 /* PBXTargetDependency */ = {
			isa = PBXTargetDependency;
			target = 8B91CEE81A8E905100476C34 /* Lab07 */;
			targetProxy = 8B91CF031A8E905200476C34 /* PBXContainerItemProxy */;
		};
/* End PBXTargetDependency section */

/* Begin PBXVariantGroup section */
		8B91CEFB1A8E905100476C34 /* LaunchScreen.xib */ = {
			isa = PBXVariantGroup;
			children = (
				8B91CEFC1A8E905100476C34 /* Base */,
			);
			name = LaunchScreen.xib;
			sourceTree = "<group>";
		};
		8BAA81EA1A929CCD0096CE35 /* Main.storyboard */ = {
			isa = PBXVariantGroup;
			children = (
				8BAA81EB1A929CCD0096CE35 /* Base */,
			);
			name = Main.storyboard;
			path = ..;
			sourceTree = "<group>";
		};
/* End PBXVariantGroup section */

/* Begin XCBuildConfiguration section */
		8B91CF0A1A8E905200476C34 /* Debug */ = {
			isa = XCBuildConfiguration;
			buildSettings = {
				ALWAYS_SEARCH_USER_PATHS = NO;
				CLANG_CXX_LANGUAGE_STANDARD = "gnu++0x";
				CLANG_CXX_LIBRARY = "libc++";
				CLANG_ENABLE_MODULES = YES;
				CLANG_ENABLE_OBJC_ARC = YES;
				CLANG_WARN_BOOL_CONVERSION = YES;
				CLANG_WARN_CONSTANT_CONVERSION = YES;
				CLANG_WARN_DIRECT_OBJC_ISA_USAGE = YES_ERROR;
				CLANG_WARN_EMPTY_BODY = YES;
				CLANG_WARN_ENUM_CONVERSION = YES;
				CLANG_WARN_INT_CONVERSION = YES;
				CLANG_WARN_OBJC_ROOT_CLASS = YES_ERROR;
				CLANG_WARN_UNREACHABLE_CODE = YES;
				CLANG_WARN__DUPLICATE_METHOD_MATCH = YES;
				"CODE_SIGN_IDENTITY[sdk=iphoneos*]" = "iPhone Developer";
				COPY_PHASE_STRIP = NO;
				ENABLE_STRICT_OBJC_MSGSEND = YES;
				GCC_C_LANGUAGE_STANDARD = gnu99;
				GCC_DYNAMIC_NO_PIC = NO;
				GCC_OPTIMIZATION_LEVEL = 0;
				GCC_PREPROCESSOR_DEFINITIONS = (
					"DEBUG=1",
					"$(inherited)",
				);
				GCC_SYMBOLS_PRIVATE_EXTERN = NO;
				GCC_WARN_64_TO_32_BIT_CONVERSION = YES;
				GCC_WARN_ABOUT_RETURN_TYPE = YES_ERROR;
				GCC_WARN_UNDECLARED_SELECTOR = YES;
				GCC_WARN_UNINITIALIZED_AUTOS = YES_AGGRESSIVE;
				GCC_WARN_UNUSED_FUNCTION = YES;
				GCC_WARN_UNUSED_VARIABLE = YES;
				IPHONEOS_DEPLOYMENT_TARGET = 8.1;
				MTL_ENABLE_DEBUG_INFO = YES;
				ONLY_ACTIVE_ARCH = YES;
				SDKROOT = iphoneos;
			};
			name = Debug;
		};
		8B91CF0B1A8E905200476C34 /* Release */ = {
			isa = XCBuildConfiguration;
			buildSettings = {
				ALWAYS_SEARCH_USER_PATHS = NO;
				CLANG_CXX_LANGUAGE_STANDARD = "gnu++0x";
				CLANG_CXX_LIBRARY = "libc++";
				CLANG_ENABLE_MODULES = YES;
				CLANG_ENABLE_OBJC_ARC = YES;
				CLANG_WARN_BOOL_CONVERSION = YES;
				CLANG_WARN_CONSTANT_CONVERSION = YES;
				CLANG_WARN_DIRECT_OBJC_ISA_USAGE = YES_ERROR;
				CLANG_WARN_EMPTY_BODY = YES;
				CLANG_WARN_ENUM_CONVERSION = YES;
				CLANG_WARN_INT_CONVERSION = YES;
				CLANG_WARN_OBJC_ROOT_CLASS = YES_ERROR;
				CLANG_WARN_UNREACHABLE_CODE = YES;
				CLANG_WARN__DUPLICATE_METHOD_MATCH = YES;
				"CODE_SIGN_IDENTITY[sdk=iphoneos*]" = "iPhone Developer";
				COPY_PHASE_STRIP = YES;
				ENABLE_NS_ASSERTIONS = NO;
				ENABLE_STRICT_OBJC_MSGSEND = YES;
				GCC_C_LANGUAGE_STANDARD = gnu99;
				GCC_WARN_64_TO_32_BIT_CONVERSION = YES;
				GCC_WARN_ABOUT_RETURN_TYPE = YES_ERROR;
				GCC_WARN_UNDECLARED_SELECTOR = YES;
				GCC_WARN_UNINITIALIZED_AUTOS = YES_AGGRESSIVE;
				GCC_WARN_UNUSED_FUNCTION = YES;
				GCC_WARN_UNUSED_VARIABLE = YES;
				IPHONEOS_DEPLOYMENT_TARGET = 8.1;
				MTL_ENABLE_DEBUG_INFO = NO;
				SDKROOT = iphoneos;
				VALIDATE_PRODUCT = YES;
			};
			name = Release;
		};
		8B91CF0D1A8E905200476C34 /* Debug */ = {
			isa = XCBuildConfiguration;
			buildSettings = {
				ASSETCATALOG_COMPILER_APPICON_NAME = AppIcon;
				FRAMEWORK_SEARCH_PATHS = (
					"$(inherited)",
					"$(PROJECT_DIR)",
					"$(PROJECT_DIR)/Lab07",
				);
				INFOPLIST_FILE = Lab07/Info.plist;
				IPHONEOS_DEPLOYMENT_TARGET = 8.1;
				LD_RUNPATH_SEARCH_PATHS = "$(inherited) @executable_path/Frameworks";
				OTHER_LDFLAGS = "-ObjC";
				PRODUCT_NAME = "$(TARGET_NAME)";
				TARGETED_DEVICE_FAMILY = 1;
			};
			name = Debug;
		};
		8B91CF0E1A8E905200476C34 /* Release */ = {
			isa = XCBuildConfiguration;
			buildSettings = {
				ASSETCATALOG_COMPILER_APPICON_NAME = AppIcon;
				FRAMEWORK_SEARCH_PATHS = (
					"$(inherited)",
					"$(PROJECT_DIR)",
					"$(PROJECT_DIR)/Lab07",
				);
				INFOPLIST_FILE = Lab07/Info.plist;
				IPHONEOS_DEPLOYMENT_TARGET = 8.1;
				LD_RUNPATH_SEARCH_PATHS = "$(inherited) @executable_path/Frameworks";
				OTHER_LDFLAGS = "-ObjC";
				PRODUCT_NAME = "$(TARGET_NAME)";
				TARGETED_DEVICE_FAMILY = 1;
			};
			name = Release;
		};
		8B91CF101A8E905200476C34 /* Debug */ = {
			isa = XCBuildConfiguration;
			buildSettings = {
				BUNDLE_LOADER = "$(TEST_HOST)";
				FRAMEWORK_SEARCH_PATHS = (
					"$(SDKROOT)/Developer/Library/Frameworks",
					"$(inherited)",
				);
				GCC_PREPROCESSOR_DEFINITIONS = (
					"DEBUG=1",
					"$(inherited)",
				);
				INFOPLIST_FILE = Lab07Tests/Info.plist;
				LD_RUNPATH_SEARCH_PATHS = "$(inherited) @executable_path/Frameworks @loader_path/Frameworks";
				PRODUCT_NAME = "$(TARGET_NAME)";
				TEST_HOST = "$(BUILT_PRODUCTS_DIR)/Lab07.app/Lab07";
			};
			name = Debug;
		};
		8B91CF111A8E905200476C34 /* Release */ = {
			isa = XCBuildConfiguration;
			buildSettings = {
				BUNDLE_LOADER = "$(TEST_HOST)";
				FRAMEWORK_SEARCH_PATHS = (
					"$(SDKROOT)/Developer/Library/Frameworks",
					"$(inherited)",
				);
				INFOPLIST_FILE = Lab07Tests/Info.plist;
				LD_RUNPATH_SEARCH_PATHS = "$(inherited) @executable_path/Frameworks @loader_path/Frameworks";
				PRODUCT_NAME = "$(TARGET_NAME)";
				TEST_HOST = "$(BUILT_PRODUCTS_DIR)/Lab07.app/Lab07";
			};
			name = Release;
		};
/* End XCBuildConfiguration section */

/* Begin XCConfigurationList section */
		8B91CEE41A8E905100476C34 /* Build configuration list for PBXProject "Lab07" */ = {
			isa = XCConfigurationList;
			buildConfigurations = (
				8B91CF0A1A8E905200476C34 /* Debug */,
				8B91CF0B1A8E905200476C34 /* Release */,
			);
			defaultConfigurationIsVisible = 0;
			defaultConfigurationName = Release;
		};
		8B91CF0C1A8E905200476C34 /* Build configuration list for PBXNativeTarget "Lab07" */ = {
			isa = XCConfigurationList;
			buildConfigurations = (
				8B91CF0D1A8E905200476C34 /* Debug */,
				8B91CF0E1A8E905200476C34 /* Release */,
			);
			defaultConfigurationIsVisible = 0;
			defaultConfigurationName = Release;
		};
		8B91CF0F1A8E905200476C34 /* Build configuration list for PBXNativeTarget "Lab07Tests" */ = {
			isa = XCConfigurationList;
			buildConfigurations = (
				8B91CF101A8E905200476C34 /* Debug */,
				8B91CF111A8E905200476C34 /* Release */,
			);
			defaultConfigurationIsVisible = 0;
			defaultConfigurationName = Release;
		};
/* End XCConfigurationList section */
	};
	rootObject = 8B91CEE11A8E905100476C34 /* Project object */;
}
